
Microsoft Visual Studio Solution File, Format Version 12.00
# Visual Studio Version 16
VisualStudioVersion = 16.0.30114.105
MinimumVisualStudioVersion = 10.0.40219.1
Project("{FAE04EC0-301F-11D3-BF4B-00C04F79EFBC}") = "HelloWorld", "00_HelloWorld\HelloWorld.csproj", "{7E0827D1-3E14-45B4-8771-D86324EA2B2B}"
EndProject
Project("{FAE04EC0-301F-11D3-BF4B-00C04F79EFBC}") = "Variables", "01_Variables\Variables.csproj", "{09376FBB-97F9-433E-B4D2-0E5B78014C44}"
EndProject
Project("{FAE04EC0-301F-11D3-BF4B-00C04F79EFBC}") = "BasicTypes", "02_Types\BasicTypes.csproj", "{0270F61F-92B1-4FD6-B33D-D3612DFDD0ED}"
EndProject
Project("{FAE04EC0-301F-11D3-BF4B-00C04F79EFBC}") = "Operators", "03_Operators\Operators.csproj", "{48A8C4ED-D438-4886-A6EC-8B56A5CEAED9}"
EndProject
Project("{FAE04EC0-301F-11D3-BF4B-00C04F79EFBC}") = "Strings", "04_Strings\Strings.csproj", "{A920B12B-89EE-4779-AFDC-12A951544F6C}"
EndProject
Project("{2150E333-8FDC-42A3-9474-1A3956D46DE8}") = "06_conditionals", "06_conditionals", "{6B78CCF5-EDB2-4A6F-B84F-B8436693B956}"
EndProject
Project("{FAE04EC0-301F-11D3-BF4B-00C04F79EFBC}") = "Conditionals", "06_conditionals\IfStatements\Conditionals.csproj", "{D8D27C72-C991-459B-A8F0-F61FBCEA560B}"
EndProject
Project("{FAE04EC0-301F-11D3-BF4B-00C04F79EFBC}") = "Ternaries", "06_Conditionals\Ternaries\Ternaries.csproj", "{24545738-8B1D-43A1-A1DE-2F2F9E065225}"
EndProject
Project("{FAE04EC0-301F-11D3-BF4B-00C04F79EFBC}") = "Switches", "06_Conditionals\Switches\Switches.csproj", "{AAC320EE-6032-42AF-827B-9CFF6172ADF0}"
EndProject
Project("{FAE04EC0-301F-11D3-BF4B-00C04F79EFBC}") = "Booleans", "05_Booleans\Booleans.csproj", "{FBA0546C-C9F0-4C33-879C-A8B0AF00DFE4}"
EndProject
Global
	GlobalSection(SolutionConfigurationPlatforms) = preSolution
		Debug|Any CPU = Debug|Any CPU
		Debug|x64 = Debug|x64
		Debug|x86 = Debug|x86
		Release|Any CPU = Release|Any CPU
		Release|x64 = Release|x64
		Release|x86 = Release|x86
	EndGlobalSection
	GlobalSection(SolutionProperties) = preSolution
		HideSolutionNode = FALSE
	EndGlobalSection
	GlobalSection(ProjectConfigurationPlatforms) = postSolution
		{7E0827D1-3E14-45B4-8771-D86324EA2B2B}.Debug|Any CPU.ActiveCfg = Debug|Any CPU
		{7E0827D1-3E14-45B4-8771-D86324EA2B2B}.Debug|Any CPU.Build.0 = Debug|Any CPU
		{7E0827D1-3E14-45B4-8771-D86324EA2B2B}.Debug|x64.ActiveCfg = Debug|Any CPU
		{7E0827D1-3E14-45B4-8771-D86324EA2B2B}.Debug|x64.Build.0 = Debug|Any CPU
		{7E0827D1-3E14-45B4-8771-D86324EA2B2B}.Debug|x86.ActiveCfg = Debug|Any CPU
		{7E0827D1-3E14-45B4-8771-D86324EA2B2B}.Debug|x86.Build.0 = Debug|Any CPU
		{7E0827D1-3E14-45B4-8771-D86324EA2B2B}.Release|Any CPU.ActiveCfg = Release|Any CPU
		{7E0827D1-3E14-45B4-8771-D86324EA2B2B}.Release|Any CPU.Build.0 = Release|Any CPU
		{7E0827D1-3E14-45B4-8771-D86324EA2B2B}.Release|x64.ActiveCfg = Release|Any CPU
		{7E0827D1-3E14-45B4-8771-D86324EA2B2B}.Release|x64.Build.0 = Release|Any CPU
		{7E0827D1-3E14-45B4-8771-D86324EA2B2B}.Release|x86.ActiveCfg = Release|Any CPU
		{7E0827D1-3E14-45B4-8771-D86324EA2B2B}.Release|x86.Build.0 = Release|Any CPU
		{09376FBB-97F9-433E-B4D2-0E5B78014C44}.Debug|Any CPU.ActiveCfg = Debug|Any CPU
		{09376FBB-97F9-433E-B4D2-0E5B78014C44}.Debug|Any CPU.Build.0 = Debug|Any CPU
		{09376FBB-97F9-433E-B4D2-0E5B78014C44}.Debug|x64.ActiveCfg = Debug|Any CPU
		{09376FBB-97F9-433E-B4D2-0E5B78014C44}.Debug|x64.Build.0 = Debug|Any CPU
		{09376FBB-97F9-433E-B4D2-0E5B78014C44}.Debug|x86.ActiveCfg = Debug|Any CPU
		{09376FBB-97F9-433E-B4D2-0E5B78014C44}.Debug|x86.Build.0 = Debug|Any CPU
		{09376FBB-97F9-433E-B4D2-0E5B78014C44}.Release|Any CPU.ActiveCfg = Release|Any CPU
		{09376FBB-97F9-433E-B4D2-0E5B78014C44}.Release|Any CPU.Build.0 = Release|Any CPU
		{09376FBB-97F9-433E-B4D2-0E5B78014C44}.Release|x64.ActiveCfg = Release|Any CPU
		{09376FBB-97F9-433E-B4D2-0E5B78014C44}.Release|x64.Build.0 = Release|Any CPU
		{09376FBB-97F9-433E-B4D2-0E5B78014C44}.Release|x86.ActiveCfg = Release|Any CPU
		{09376FBB-97F9-433E-B4D2-0E5B78014C44}.Release|x86.Build.0 = Release|Any CPU
		{0270F61F-92B1-4FD6-B33D-D3612DFDD0ED}.Debug|Any CPU.ActiveCfg = Debug|Any CPU
		{0270F61F-92B1-4FD6-B33D-D3612DFDD0ED}.Debug|Any CPU.Build.0 = Debug|Any CPU
		{0270F61F-92B1-4FD6-B33D-D3612DFDD0ED}.Debug|x64.ActiveCfg = Debug|Any CPU
		{0270F61F-92B1-4FD6-B33D-D3612DFDD0ED}.Debug|x64.Build.0 = Debug|Any CPU
		{0270F61F-92B1-4FD6-B33D-D3612DFDD0ED}.Debug|x86.ActiveCfg = Debug|Any CPU
		{0270F61F-92B1-4FD6-B33D-D3612DFDD0ED}.Debug|x86.Build.0 = Debug|Any CPU
		{0270F61F-92B1-4FD6-B33D-D3612DFDD0ED}.Release|Any CPU.ActiveCfg = Release|Any CPU
		{0270F61F-92B1-4FD6-B33D-D3612DFDD0ED}.Release|Any CPU.Build.0 = Release|Any CPU
		{0270F61F-92B1-4FD6-B33D-D3612DFDD0ED}.Release|x64.ActiveCfg = Release|Any CPU
		{0270F61F-92B1-4FD6-B33D-D3612DFDD0ED}.Release|x64.Build.0 = Release|Any CPU
		{0270F61F-92B1-4FD6-B33D-D3612DFDD0ED}.Release|x86.ActiveCfg = Release|Any CPU
		{0270F61F-92B1-4FD6-B33D-D3612DFDD0ED}.Release|x86.Build.0 = Release|Any CPU
		{48A8C4ED-D438-4886-A6EC-8B56A5CEAED9}.Debug|Any CPU.ActiveCfg = Debug|Any CPU
		{48A8C4ED-D438-4886-A6EC-8B56A5CEAED9}.Debug|Any CPU.Build.0 = Debug|Any CPU
		{48A8C4ED-D438-4886-A6EC-8B56A5CEAED9}.Debug|x64.ActiveCfg = Debug|Any CPU
		{48A8C4ED-D438-4886-A6EC-8B56A5CEAED9}.Debug|x64.Build.0 = Debug|Any CPU
		{48A8C4ED-D438-4886-A6EC-8B56A5CEAED9}.Debug|x86.ActiveCfg = Debug|Any CPU
		{48A8C4ED-D438-4886-A6EC-8B56A5CEAED9}.Debug|x86.Build.0 = Debug|Any CPU
		{48A8C4ED-D438-4886-A6EC-8B56A5CEAED9}.Release|Any CPU.ActiveCfg = Release|Any CPU
		{48A8C4ED-D438-4886-A6EC-8B56A5CEAED9}.Release|Any CPU.Build.0 = Release|Any CPU
		{48A8C4ED-D438-4886-A6EC-8B56A5CEAED9}.Release|x64.ActiveCfg = Release|Any CPU
		{48A8C4ED-D438-4886-A6EC-8B56A5CEAED9}.Release|x64.Build.0 = Release|Any CPU
		{48A8C4ED-D438-4886-A6EC-8B56A5CEAED9}.Release|x86.ActiveCfg = Release|Any CPU
		{48A8C4ED-D438-4886-A6EC-8B56A5CEAED9}.Release|x86.Build.0 = Release|Any CPU
		{A920B12B-89EE-4779-AFDC-12A951544F6C}.Debug|Any CPU.ActiveCfg = Debug|Any CPU
		{A920B12B-89EE-4779-AFDC-12A951544F6C}.Debug|Any CPU.Build.0 = Debug|Any CPU
		{A920B12B-89EE-4779-AFDC-12A951544F6C}.Debug|x64.ActiveCfg = Debug|Any CPU
		{A920B12B-89EE-4779-AFDC-12A951544F6C}.Debug|x64.Build.0 = Debug|Any CPU
		{A920B12B-89EE-4779-AFDC-12A951544F6C}.Debug|x86.ActiveCfg = Debug|Any CPU
		{A920B12B-89EE-4779-AFDC-12A951544F6C}.Debug|x86.Build.0 = Debug|Any CPU
		{A920B12B-89EE-4779-AFDC-12A951544F6C}.Release|Any CPU.ActiveCfg = Release|Any CPU
		{A920B12B-89EE-4779-AFDC-12A951544F6C}.Release|Any CPU.Build.0 = Release|Any CPU
		{A920B12B-89EE-4779-AFDC-12A951544F6C}.Release|x64.ActiveCfg = Release|Any CPU
		{A920B12B-89EE-4779-AFDC-12A951544F6C}.Release|x64.Build.0 = Release|Any CPU
		{A920B12B-89EE-4779-AFDC-12A951544F6C}.Release|x86.ActiveCfg = Release|Any CPU
		{A920B12B-89EE-4779-AFDC-12A951544F6C}.Release|x86.Build.0 = Release|Any CPU
		{D8D27C72-C991-459B-A8F0-F61FBCEA560B}.Debug|Any CPU.ActiveCfg = Debug|Any CPU
		{D8D27C72-C991-459B-A8F0-F61FBCEA560B}.Debug|Any CPU.Build.0 = Debug|Any CPU
		{D8D27C72-C991-459B-A8F0-F61FBCEA560B}.Debug|x64.ActiveCfg = Debug|Any CPU
		{D8D27C72-C991-459B-A8F0-F61FBCEA560B}.Debug|x64.Build.0 = Debug|Any CPU
		{D8D27C72-C991-459B-A8F0-F61FBCEA560B}.Debug|x86.ActiveCfg = Debug|Any CPU
		{D8D27C72-C991-459B-A8F0-F61FBCEA560B}.Debug|x86.Build.0 = Debug|Any CPU
		{D8D27C72-C991-459B-A8F0-F61FBCEA560B}.Release|Any CPU.ActiveCfg = Release|Any CPU
		{D8D27C72-C991-459B-A8F0-F61FBCEA560B}.Release|Any CPU.Build.0 = Release|Any CPU
		{D8D27C72-C991-459B-A8F0-F61FBCEA560B}.Release|x64.ActiveCfg = Release|Any CPU
		{D8D27C72-C991-459B-A8F0-F61FBCEA560B}.Release|x64.Build.0 = Release|Any CPU
		{D8D27C72-C991-459B-A8F0-F61FBCEA560B}.Release|x86.ActiveCfg = Release|Any CPU
		{D8D27C72-C991-459B-A8F0-F61FBCEA560B}.Release|x86.Build.0 = Release|Any CPU
		{24545738-8B1D-43A1-A1DE-2F2F9E065225}.Debug|Any CPU.ActiveCfg = Debug|Any CPU
		{24545738-8B1D-43A1-A1DE-2F2F9E065225}.Debug|Any CPU.Build.0 = Debug|Any CPU
		{24545738-8B1D-43A1-A1DE-2F2F9E065225}.Debug|x64.ActiveCfg = Debug|Any CPU
		{24545738-8B1D-43A1-A1DE-2F2F9E065225}.Debug|x64.Build.0 = Debug|Any CPU
		{24545738-8B1D-43A1-A1DE-2F2F9E065225}.Debug|x86.ActiveCfg = Debug|Any CPU
		{24545738-8B1D-43A1-A1DE-2F2F9E065225}.Debug|x86.Build.0 = Debug|Any CPU
		{24545738-8B1D-43A1-A1DE-2F2F9E065225}.Release|Any CPU.ActiveCfg = Release|Any CPU
		{24545738-8B1D-43A1-A1DE-2F2F9E065225}.Release|Any CPU.Build.0 = Release|Any CPU
		{24545738-8B1D-43A1-A1DE-2F2F9E065225}.Release|x64.ActiveCfg = Release|Any CPU
		{24545738-8B1D-43A1-A1DE-2F2F9E065225}.Release|x64.Build.0 = Release|Any CPU
		{24545738-8B1D-43A1-A1DE-2F2F9E065225}.Release|x86.ActiveCfg = Release|Any CPU
		{24545738-8B1D-43A1-A1DE-2F2F9E065225}.Release|x86.Build.0 = Release|Any CPU
		{AAC320EE-6032-42AF-827B-9CFF6172ADF0}.Debug|Any CPU.ActiveCfg = Debug|Any CPU
		{AAC320EE-6032-42AF-827B-9CFF6172ADF0}.Debug|Any CPU.Build.0 = Debug|Any CPU
		{AAC320EE-6032-42AF-827B-9CFF6172ADF0}.Debug|x64.ActiveCfg = Debug|Any CPU
		{AAC320EE-6032-42AF-827B-9CFF6172ADF0}.Debug|x64.Build.0 = Debug|Any CPU
		{AAC320EE-6032-42AF-827B-9CFF6172ADF0}.Debug|x86.ActiveCfg = Debug|Any CPU
		{AAC320EE-6032-42AF-827B-9CFF6172ADF0}.Debug|x86.Build.0 = Debug|Any CPU
		{AAC320EE-6032-42AF-827B-9CFF6172ADF0}.Release|Any CPU.ActiveCfg = Release|Any CPU
		{AAC320EE-6032-42AF-827B-9CFF6172ADF0}.Release|Any CPU.Build.0 = Release|Any CPU
		{AAC320EE-6032-42AF-827B-9CFF6172ADF0}.Release|x64.ActiveCfg = Release|Any CPU
		{AAC320EE-6032-42AF-827B-9CFF6172ADF0}.Release|x64.Build.0 = Release|Any CPU
		{AAC320EE-6032-42AF-827B-9CFF6172ADF0}.Release|x86.ActiveCfg = Release|Any CPU
		{AAC320EE-6032-42AF-827B-9CFF6172ADF0}.Release|x86.Build.0 = Release|Any CPU
		{FBA0546C-C9F0-4C33-879C-A8B0AF00DFE4}.Debug|Any CPU.ActiveCfg = Debug|Any CPU
		{FBA0546C-C9F0-4C33-879C-A8B0AF00DFE4}.Debug|Any CPU.Build.0 = Debug|Any CPU
		{FBA0546C-C9F0-4C33-879C-A8B0AF00DFE4}.Debug|x64.ActiveCfg = Debug|Any CPU
		{FBA0546C-C9F0-4C33-879C-A8B0AF00DFE4}.Debug|x64.Build.0 = Debug|Any CPU
		{FBA0546C-C9F0-4C33-879C-A8B0AF00DFE4}.Debug|x86.ActiveCfg = Debug|Any CPU
		{FBA0546C-C9F0-4C33-879C-A8B0AF00DFE4}.Debug|x86.Build.0 = Debug|Any CPU
		{FBA0546C-C9F0-4C33-879C-A8B0AF00DFE4}.Release|Any CPU.ActiveCfg = Release|Any CPU
		{FBA0546C-C9F0-4C33-879C-A8B0AF00DFE4}.Release|Any CPU.Build.0 = Release|Any CPU
		{FBA0546C-C9F0-4C33-879C-A8B0AF00DFE4}.Release|x64.ActiveCfg = Release|Any CPU
		{FBA0546C-C9F0-4C33-879C-A8B0AF00DFE4}.Release|x64.Build.0 = Release|Any CPU
		{FBA0546C-C9F0-4C33-879C-A8B0AF00DFE4}.Release|x86.ActiveCfg = Release|Any CPU
		{FBA0546C-C9F0-4C33-879C-A8B0AF00DFE4}.Release|x86.Build.0 = Release|Any CPU
	EndGlobalSection
	GlobalSection(NestedProjects) = preSolution
		{D8D27C72-C991-459B-A8F0-F61FBCEA560B} = {6B78CCF5-EDB2-4A6F-B84F-B8436693B956}
		{24545738-8B1D-43A1-A1DE-2F2F9E065225} = {6B78CCF5-EDB2-4A6F-B84F-B8436693B956}
		{AAC320EE-6032-42AF-827B-9CFF6172ADF0} = {6B78CCF5-EDB2-4A6F-B84F-B8436693B956}
	EndGlobalSection
EndGlobal
